PODS:
  - Alamofire (4.7.3)
  - KeychainAccess (3.1.1)
  - SwiftyJSON (4.1.0)

DEPENDENCIES:
  - Alamofire
  - KeychainAccess
  - SwiftyJSON

SPEC REPOS:
  https://github.com/cocoapods/specs.git:
    - Alamofire
    - KeychainAccess
    - SwiftyJSON

SPEC CHECKSUMS:
  Alamofire: c7287b6e5d7da964a70935e5db17046b7fde6568
  KeychainAccess: 7bd430028059754a3debab3cfc0bd1fc7fb85df3
  SwiftyJSON: c29297daf073d2aa016295d5809cdd68045c39b3

PODFILE CHECKSUM: 100b8bd52a921ba5935e7f17619e72e18f82973f

COCOAPODS: 1.5.3
