// !$*UTF8*$!
{
	archiveVersion = 1;
	classes = {
	};
	objectVersion = 50;
	objects = {

/* Begin PBXBuildFile section */
		B22C86183C86947A557C42A2 /* Pods_Library.framework in Frameworks */ = {isa = PBXBuildFile; fileRef = 60918B322E4784A29CE5BA28 /* Pods_Library.framework */; };
		D81A00E52156E8FB00815E26 /* BookDetailViewController.swift in Sources */ = {isa = PBXBuildFile; fileRef = D81A00E42156E8FB00815E26 /* BookDetailViewController.swift */; };
		D827DD082155077D00763C05 /* AppDelegate.swift in Sources */ = {isa = PBXBuildFile; fileRef = D827DD072155077D00763C05 /* AppDelegate.swift */; };
		D827DD0D2155077D00763C05 /* Main.storyboard in Resources */ = {isa = PBXBuildFile; fileRef = D827DD0B2155077D00763C05 /* Main.storyboard */; };
		D827DD0F2155077E00763C05 /* Assets.xcassets in Resources */ = {isa = PBXBuildFile; fileRef = D827DD0E2155077E00763C05 /* Assets.xcassets */; };
		D827DD122155077E00763C05 /* LaunchScreen.storyboard in Resources */ = {isa = PBXBuildFile; fileRef = D827DD102155077E00763C05 /* LaunchScreen.storyboard */; };
		D827DD1D215508CA00763C05 /* Book.swift in Sources */ = {isa = PBXBuildFile; fileRef = D827DD1C215508CA00763C05 /* Book.swift */; };
		D827DD1F21550D2300763C05 /* Shelf.swift in Sources */ = {isa = PBXBuildFile; fileRef = D827DD1E21550D2300763C05 /* Shelf.swift */; };
		D827DD21215511D000763C05 /* ShelfTableViewController.swift in Sources */ = {isa = PBXBuildFile; fileRef = D827DD20215511D000763C05 /* ShelfTableViewController.swift */; };
		D827DD24215515CB00763C05 /* UIColor+hexcodes.swift in Sources */ = {isa = PBXBuildFile; fileRef = D827DD23215515CB00763C05 /* UIColor+hexcodes.swift */; };
		D827DD262155355600763C05 /* BookTableViewController.swift in Sources */ = {isa = PBXBuildFile; fileRef = D827DD252155355600763C05 /* BookTableViewController.swift */; };
		D84A1B3B21553DBA00C937EC /* LoginViewController.swift in Sources */ = {isa = PBXBuildFile; fileRef = D84A1B3A21553DBA00C937EC /* LoginViewController.swift */; };
		D84A1B3D215554A400C937EC /* User.swift in Sources */ = {isa = PBXBuildFile; fileRef = D84A1B3C215554A300C937EC /* User.swift */; };
		D84A1B3F2155696C00C937EC /* Connection.swift in Sources */ = {isa = PBXBuildFile; fileRef = D84A1B3E2155696C00C937EC /* Connection.swift */; };
		D87DD1CA21566F99008BECA0 /* BookSummary.swift in Sources */ = {isa = PBXBuildFile; fileRef = D87DD1C921566F99008BECA0 /* BookSummary.swift */; };
/* End PBXBuildFile section */

/* Begin PBXFileReference section */
		60918B322E4784A29CE5BA28 /* Pods_Library.framework */ = {isa = PBXFileReference; explicitFileType = wrapper.framework; includeInIndex = 0; path = Pods_Library.framework; sourceTree = BUILT_PRODUCTS_DIR; };
		9A42A6FE606E503412FD2693 /* Pods-Library.debug.xcconfig */ = {isa = PBXFileReference; includeInIndex = 1; lastKnownFileType = text.xcconfig; name = "Pods-Library.debug.xcconfig"; path = "Pods/Target Support Files/Pods-Library/Pods-Library.debug.xcconfig"; sourceTree = "<group>"; };
		D50E5BB826D37974370146BE /* Pods-Library.release.xcconfig */ = {isa = PBXFileReference; includeInIndex = 1; lastKnownFileType = text.xcconfig; name = "Pods-Library.release.xcconfig"; path = "Pods/Target Support Files/Pods-Library/Pods-Library.release.xcconfig"; sourceTree = "<group>"; };
		D81A00E42156E8FB00815E26 /* BookDetailViewController.swift */ = {isa = PBXFileReference; lastKnownFileType = sourcecode.swift; path = BookDetailViewController.swift; sourceTree = "<group>"; };
		D827DD042155077D00763C05 /* Library.app */ = {isa = PBXFileReference; explicitFileType = wrapper.application; includeInIndex = 0; path = Library.app; sourceTree = BUILT_PRODUCTS_DIR; };
		D827DD072155077D00763C05 /* AppDelegate.swift */ = {isa = PBXFileReference; lastKnownFileType = sourcecode.swift; path = AppDelegate.swift; sourceTree = "<group>"; };
		D827DD0C2155077D00763C05 /* Base */ = {isa = PBXFileReference; lastKnownFileType = file.storyboard; name = Base; path = Base.lproj/Main.storyboard; sourceTree = "<group>"; };
		D827DD0E2155077E00763C05 /* Assets.xcassets */ = {isa = PBXFileReference; lastKnownFileType = folder.assetcatalog; path = Assets.xcassets; sourceTree = "<group>"; };
		D827DD112155077E00763C05 /* Base */ = {isa = PBXFileReference; lastKnownFileType = file.storyboard; name = Base; path = Base.lproj/LaunchScreen.storyboard; sourceTree = "<group>"; };
		D827DD132155077E00763C05 /* Info.plist */ = {isa = PBXFileReference; lastKnownFileType = text.plist.xml; path = Info.plist; sourceTree = "<group>"; };
		D827DD1C215508CA00763C05 /* Book.swift */ = {isa = PBXFileReference; lastKnownFileType = sourcecode.swift; path = Book.swift; sourceTree = "<group>"; };
		D827DD1E21550D2300763C05 /* Shelf.swift */ = {isa = PBXFileReference; lastKnownFileType = sourcecode.swift; path = Shelf.swift; sourceTree = "<group>"; };
		D827DD20215511D000763C05 /* ShelfTableViewController.swift */ = {isa = PBXFileReference; lastKnownFileType = sourcecode.swift; path = ShelfTableViewController.swift; sourceTree = "<group>"; };
		D827DD23215515CB00763C05 /* UIColor+hexcodes.swift */ = {isa = PBXFileReference; lastKnownFileType = sourcecode.swift; path = "UIColor+hexcodes.swift"; sourceTree = "<group>"; };
		D827DD252155355600763C05 /* BookTableViewController.swift */ = {isa = PBXFileReference; lastKnownFileType = sourcecode.swift; path = BookTableViewController.swift; sourceTree = "<group>"; };
		D84A1B3A21553DBA00C937EC /* LoginViewController.swift */ = {isa = PBXFileReference; lastKnownFileType = sourcecode.swift; path = LoginViewController.swift; sourceTree = "<group>"; };
		D84A1B3C215554A300C937EC /* User.swift */ = {isa = PBXFileReference; lastKnownFileType = sourcecode.swift; path = User.swift; sourceTree = "<group>"; };
		D84A1B3E2155696C00C937EC /* Connection.swift */ = {isa = PBXFileReference; lastKnownFileType = sourcecode.swift; path = Connection.swift; sourceTree = "<group>"; };
		D87DD1C921566F99008BECA0 /* BookSummary.swift */ = {isa = PBXFileReference; lastKnownFileType = sourcecode.swift; path = BookSummary.swift; sourceTree = "<group>"; };
/* End PBXFileReference section */

/* Begin PBXFrameworksBuildPhase section */
		D827DD012155077D00763C05 /* Frameworks */ = {
			isa = PBXFrameworksBuildPhase;
			buildActionMask = 2147483647;
			files = (
				B22C86183C86947A557C42A2 /* Pods_Library.framework in Frameworks */,
			);
			runOnlyForDeploymentPostprocessing = 0;
		};
/* End PBXFrameworksBuildPhase section */

/* Begin PBXGroup section */
		4F9D64BD138AA1491FADD851 /* Pods */ = {
			isa = PBXGroup;
			children = (
				9A42A6FE606E503412FD2693 /* Pods-Library.debug.xcconfig */,
				D50E5BB826D37974370146BE /* Pods-Library.release.xcconfig */,
			);
			name = Pods;
			sourceTree = "<group>";
		};
		7B9FE360E501F4CBADE54CDF /* Frameworks */ = {
			isa = PBXGroup;
			children = (
				60918B322E4784A29CE5BA28 /* Pods_Library.framework */,
			);
			name = Frameworks;
			sourceTree = "<group>";
		};
		D827DCFB2155077D00763C05 = {
			isa = PBXGroup;
			children = (
				D827DD062155077D00763C05 /* Library */,
				D827DD052155077D00763C05 /* Products */,
				4F9D64BD138AA1491FADD851 /* Pods */,
				7B9FE360E501F4CBADE54CDF /* Frameworks */,
			);
			sourceTree = "<group>";
		};
		D827DD052155077D00763C05 /* Products */ = {
			isa = PBXGroup;
			children = (
				D827DD042155077D00763C05 /* Library.app */,
			);
			name = Products;
			sourceTree = "<group>";
		};
		D827DD062155077D00763C05 /* Library */ = {
			isa = PBXGroup;
			children = (
				D827DD072155077D00763C05 /* AppDelegate.swift */,
				D827DD192155087D00763C05 /* Controllers */,
				D827DD1B2155089F00763C05 /* Models */,
				D827DD1A2155088B00763C05 /* Views */,
				D827DD222155159800763C05 /* Extensions */,
				D827DD0E2155077E00763C05 /* Assets.xcassets */,
				D827DD102155077E00763C05 /* LaunchScreen.storyboard */,
				D827DD132155077E00763C05 /* Info.plist */,
			);
			path = Library;
			sourceTree = "<group>";
		};
		D827DD192155087D00763C05 /* Controllers */ = {
			isa = PBXGroup;
			children = (
				D84A1B3A21553DBA00C937EC /* LoginViewController.swift */,
				D827DD20215511D000763C05 /* ShelfTableViewController.swift */,
				D827DD252155355600763C05 /* BookTableViewController.swift */,
				D81A00E42156E8FB00815E26 /* BookDetailViewController.swift */,
			);
			path = Controllers;
			sourceTree = "<group>";
		};
		D827DD1A2155088B00763C05 /* Views */ = {
			isa = PBXGroup;
			children = (
				D827DD0B2155077D00763C05 /* Main.storyboard */,
			);
			path = Views;
			sourceTree = "<group>";
		};
		D827DD1B2155089F00763C05 /* Models */ = {
			isa = PBXGroup;
			children = (
				D827DD1C215508CA00763C05 /* Book.swift */,
				D87DD1C921566F99008BECA0 /* BookSummary.swift */,
				D827DD1E21550D2300763C05 /* Shelf.swift */,
				D84A1B3C215554A300C937EC /* User.swift */,
				D84A1B3E2155696C00C937EC /* Connection.swift */,
			);
			path = Models;
			sourceTree = "<group>";
		};
		D827DD222155159800763C05 /* Extensions */ = {
			isa = PBXGroup;
			children = (
				D827DD23215515CB00763C05 /* UIColor+hexcodes.swift */,
			);
			path = Extensions;
			sourceTree = "<group>";
		};
/* End PBXGroup section */

/* Begin PBXNativeTarget section */
		D827DD032155077D00763C05 /* Library */ = {
			isa = PBXNativeTarget;
			buildConfigurationList = D827DD162155077E00763C05 /* Build configuration list for PBXNativeTarget "Library" */;
			buildPhases = (
				4F5FB7F3AABCC7EA8E5BACFE /* [CP] Check Pods Manifest.lock */,
				D827DD002155077D00763C05 /* Sources */,
				D827DD012155077D00763C05 /* Frameworks */,
				D827DD022155077D00763C05 /* Resources */,
				B4472182CD8B520AE0D17875 /* [CP] Embed Pods Frameworks */,
			);
			buildRules = (
			);
			dependencies = (
			);
			name = Library;
			productName = Library;
			productReference = D827DD042155077D00763C05 /* Library.app */;
			productType = "com.apple.product-type.application";
		};
/* End PBXNativeTarget section */

/* Begin PBXProject section */
		D827DCFC2155077D00763C05 /* Project object */ = {
			isa = PBXProject;
			attributes = {
				LastSwiftUpdateCheck = 1000;
				LastUpgradeCheck = 1000;
				ORGANIZATIONNAME = "Younus Porteous";
				TargetAttributes = {
					D827DD032155077D00763C05 = {
						CreatedOnToolsVersion = 10.0;
					};
				};
			};
			buildConfigurationList = D827DCFF2155077D00763C05 /* Build configuration list for PBXProject "Library" */;
			compatibilityVersion = "Xcode 9.3";
			developmentRegion = en;
			hasScannedForEncodings = 0;
			knownRegions = (
				en,
				Base,
			);
			mainGroup = D827DCFB2155077D00763C05;
			productRefGroup = D827DD052155077D00763C05 /* Products */;
			projectDirPath = "";
			projectRoot = "";
			targets = (
				D827DD032155077D00763C05 /* Library */,
			);
		};
/* End PBXProject section */

/* Begin PBXResourcesBuildPhase section */
		D827DD022155077D00763C05 /* Resources */ = {
			isa = PBXResourcesBuildPhase;
			buildActionMask = 2147483647;
			files = (
				D827DD122155077E00763C05 /* LaunchScreen.storyboard in Resources */,
				D827DD0F2155077E00763C05 /* Assets.xcassets in Resources */,
				D827DD0D2155077D00763C05 /* Main.storyboard in Resources */,
			);
			runOnlyForDeploymentPostprocessing = 0;
		};
/* End PBXResourcesBuildPhase section */

/* Begin PBXShellScriptBuildPhase section */
		4F5FB7F3AABCC7EA8E5BACFE /* [CP] Check Pods Manifest.lock */ = {
			isa = PBXShellScriptBuildPhase;
			buildActionMask = 2147483647;
			files = (
			);
			inputFileListPaths = (
			);
			inputPaths = (
				"${PODS_PODFILE_DIR_PATH}/Podfile.lock",
				"${PODS_ROOT}/Manifest.lock",
			);
			name = "[CP] Check Pods Manifest.lock";
			outputFileListPaths = (
			);
			outputPaths = (
				"$(DERIVED_FILE_DIR)/Pods-Library-checkManifestLockResult.txt",
			);
			runOnlyForDeploymentPostprocessing = 0;
			shellPath = /bin/sh;
			shellScript = "diff \"${PODS_PODFILE_DIR_PATH}/Podfile.lock\" \"${PODS_ROOT}/Manifest.lock\" > /dev/null\nif [ $? != 0 ] ; then\n    # print error to STDERR\n    echo \"error: The sandbox is not in sync with the Podfile.lock. Run 'pod install' or update your CocoaPods installation.\" >&2\n    exit 1\nfi\n# This output is used by Xcode 'outputs' to avoid re-running this script phase.\necho \"SUCCESS\" > \"${SCRIPT_OUTPUT_FILE_0}\"\n";
			showEnvVarsInLog = 0;
		};
		B4472182CD8B520AE0D17875 /* [CP] Embed Pods Frameworks */ = {
			isa = PBXShellScriptBuildPhase;
			buildActionMask = 2147483647;
			files = (
			);
			inputFileListPaths = (
			);
			inputPaths = (
				"${SRCROOT}/Pods/Target Support Files/Pods-Library/Pods-Library-frameworks.sh",
				"${BUILT_PRODUCTS_DIR}/Alamofire/Alamofire.framework",
				"${BUILT_PRODUCTS_DIR}/KeychainAccess/KeychainAccess.framework",
				"${BUILT_PRODUCTS_DIR}/SwiftyJSON/SwiftyJSON.framework",
			);
			name = "[CP] Embed Pods Frameworks";
			outputFileListPaths = (
			);
			outputPaths = (
				"${TARGET_BUILD_DIR}/${FRAMEWORKS_FOLDER_PATH}/Alamofire.framework",
				"${TARGET_BUILD_DIR}/${FRAMEWORKS_FOLDER_PATH}/KeychainAccess.framework",
				"${TARGET_BUILD_DIR}/${FRAMEWORKS_FOLDER_PATH}/SwiftyJSON.framework",
			);
			runOnlyForDeploymentPostprocessing = 0;
			shellPath = /bin/sh;
			shellScript = "\"${SRCROOT}/Pods/Target Support Files/Pods-Library/Pods-Library-frameworks.sh\"\n";
			showEnvVarsInLog = 0;
		};
/* End PBXShellScriptBuildPhase section */

/* Begin PBXSourcesBuildPhase section */
		D827DD002155077D00763C05 /* Sources */ = {
			isa = PBXSourcesBuildPhase;
			buildActionMask = 2147483647;
			files = (
				D84A1B3B21553DBA00C937EC /* LoginViewController.swift in Sources */,
				D84A1B3F2155696C00C937EC /* Connection.swift in Sources */,
				D827DD1F21550D2300763C05 /* Shelf.swift in Sources */,
				D827DD082155077D00763C05 /* AppDelegate.swift in Sources */,
				D81A00E52156E8FB00815E26 /* BookDetailViewController.swift in Sources */,
				D827DD21215511D000763C05 /* ShelfTableViewController.swift in Sources */,
				D84A1B3D215554A400C937EC /* User.swift in Sources */,
				D827DD24215515CB00763C05 /* UIColor+hexcodes.swift in Sources */,
				D827DD262155355600763C05 /* BookTableViewController.swift in Sources */,
				D827DD1D215508CA00763C05 /* Book.swift in Sources */,
				D87DD1CA21566F99008BECA0 /* BookSummary.swift in Sources */,
			);
			runOnlyForDeploymentPostprocessing = 0;
		};
/* End PBXSourcesBuildPhase section */

/* Begin PBXVariantGroup section */
		D827DD0B2155077D00763C05 /* Main.storyboard */ = {
			isa = PBXVariantGroup;
			children = (
				D827DD0C2155077D00763C05 /* Base */,
			);
			name = Main.storyboard;
			sourceTree = "<group>";
		};
		D827DD102155077E00763C05 /* LaunchScreen.storyboard */ = {
			isa = PBXVariantGroup;
			children = (
				D827DD112155077E00763C05 /* Base */,
			);
			name = LaunchScreen.storyboard;
			sourceTree = "<group>";
		};
/* End PBXVariantGroup section */

/* Begin XCBuildConfiguration section */
		D827DD142155077E00763C05 /* Debug */ = {
			isa = XCBuildConfiguration;
			buildSettings = {
				ALWAYS_SEARCH_USER_PATHS = NO;
				CLANG_ANALYZER_NONNULL = YES;
				CLANG_ANALYZER_NUMBER_OBJECT_CONVERSION = YES_AGGRESSIVE;
				CLANG_CXX_LANGUAGE_STANDARD = "gnu++14";
				CLANG_CXX_LIBRARY = "libc++";
				CLANG_ENABLE_MODULES = YES;
				CLANG_ENABLE_OBJC_ARC = YES;
				CLANG_ENABLE_OBJC_WEAK = YES;
				CLANG_WARN_BLOCK_CAPTURE_AUTORELEASING = YES;
				CLANG_WARN_BOOL_CONVERSION = YES;
				CLANG_WARN_COMMA = YES;
				CLANG_WARN_CONSTANT_CONVERSION = YES;
				CLANG_WARN_DEPRECATED_OBJC_IMPLEMENTATIONS = YES;
				CLANG_WARN_DIRECT_OBJC_ISA_USAGE = YES_ERROR;
				CLANG_WARN_DOCUMENTATION_COMMENTS = YES;
				CLANG_WARN_EMPTY_BODY = YES;
				CLANG_WARN_ENUM_CONVERSION = YES;
				CLANG_WARN_INFINITE_RECURSION = YES;
				CLANG_WARN_INT_CONVERSION = YES;
				CLANG_WARN_NON_LITERAL_NULL_CONVERSION = YES;
				CLANG_WARN_OBJC_IMPLICIT_RETAIN_SELF = YES;
				CLANG_WARN_OBJC_LITERAL_CONVERSION = YES;
				CLANG_WARN_OBJC_ROOT_CLASS = YES_ERROR;
				CLANG_WARN_RANGE_LOOP_ANALYSIS = YES;
				CLANG_WARN_STRICT_PROTOTYPES = YES;
				CLANG_WARN_SUSPICIOUS_MOVE = YES;
				CLANG_WARN_UNGUARDED_AVAILABILITY = YES_AGGRESSIVE;
				CLANG_WARN_UNREACHABLE_CODE = YES;
				CLANG_WARN__DUPLICATE_METHOD_MATCH = YES;
				CODE_SIGN_IDENTITY = "iPhone Developer";
				COPY_PHASE_STRIP = NO;
				DEBUG_INFORMATION_FORMAT = dwarf;
				ENABLE_STRICT_OBJC_MSGSEND = YES;
				ENABLE_TESTABILITY = YES;
				GCC_C_LANGUAGE_STANDARD = gnu11;
				GCC_DYNAMIC_NO_PIC = NO;
				GCC_NO_COMMON_BLOCKS = YES;
				GCC_OPTIMIZATION_LEVEL = 0;
				GCC_PREPROCESSOR_DEFINITIONS = (
					"DEBUG=1",
					"$(inherited)",
				);
				GCC_WARN_64_TO_32_BIT_CONVERSION = YES;
				GCC_WARN_ABOUT_RETURN_TYPE = YES_ERROR;
				GCC_WARN_UNDECLARED_SELECTOR = YES;
				GCC_WARN_UNINITIALIZED_AUTOS = YES_AGGRESSIVE;
				GCC_WARN_UNUSED_FUNCTION = YES;
				GCC_WARN_UNUSED_VARIABLE = YES;
				IPHONEOS_DEPLOYMENT_TARGET = 12.0;
				MTL_ENABLE_DEBUG_INFO = INCLUDE_SOURCE;
				MTL_FAST_MATH = YES;
				ONLY_ACTIVE_ARCH = YES;
				SDKROOT = iphoneos;
				SWIFT_ACTIVE_COMPILATION_CONDITIONS = DEBUG;
				SWIFT_OPTIMIZATION_LEVEL = "-Onone";
			};
			name = Debug;
		};
		D827DD152155077E00763C05 /* Release */ = {
			isa = XCBuildConfiguration;
			buildSettings = {
				ALWAYS_SEARCH_USER_PATHS = NO;
				CLANG_ANALYZER_NONNULL = YES;
				CLANG_ANALYZER_NUMBER_OBJECT_CONVERSION = YES_AGGRESSIVE;
				CLANG_CXX_LANGUAGE_STANDARD = "gnu++14";
				CLANG_CXX_LIBRARY = "libc++";
				CLANG_ENABLE_MODULES = YES;
				CLANG_ENABLE_OBJC_ARC = YES;
				CLANG_ENABLE_OBJC_WEAK = YES;
				CLANG_WARN_BLOCK_CAPTURE_AUTORELEASING = YES;
				CLANG_WARN_BOOL_CONVERSION = YES;
				CLANG_WARN_COMMA = YES;
				CLANG_WARN_CONSTANT_CONVERSION = YES;
				CLANG_WARN_DEPRECATED_OBJC_IMPLEMENTATIONS = YES;
				CLANG_WARN_DIRECT_OBJC_ISA_USAGE = YES_ERROR;
				CLANG_WARN_DOCUMENTATION_COMMENTS = YES;
				CLANG_WARN_EMPTY_BODY = YES;
				CLANG_WARN_ENUM_CONVERSION = YES;
				CLANG_WARN_INFINITE_RECURSION = YES;
				CLANG_WARN_INT_CONVERSION = YES;
				CLANG_WARN_NON_LITERAL_NULL_CONVERSION = YES;
				CLANG_WARN_OBJC_IMPLICIT_RETAIN_SELF = YES;
				CLANG_WARN_OBJC_LITERAL_CONVERSION = YES;
				CLANG_WARN_OBJC_ROOT_CLASS = YES_ERROR;
				CLANG_WARN_RANGE_LOOP_ANALYSIS = YES;
				CLANG_WARN_STRICT_PROTOTYPES = YES;
				CLANG_WARN_SUSPICIOUS_MOVE = YES;
				CLANG_WARN_UNGUARDED_AVAILABILITY = YES_AGGRESSIVE;
				CLANG_WARN_UNREACHABLE_CODE = YES;
				CLANG_WARN__DUPLICATE_METHOD_MATCH = YES;
				CODE_SIGN_IDENTITY = "iPhone Developer";
				COPY_PHASE_STRIP = NO;
				DEBUG_INFORMATION_FORMAT = "dwarf-with-dsym";
				ENABLE_NS_ASSERTIONS = NO;
				ENABLE_STRICT_OBJC_MSGSEND = YES;
				GCC_C_LANGUAGE_STANDARD = gnu11;
				GCC_NO_COMMON_BLOCKS = YES;
				GCC_WARN_64_TO_32_BIT_CONVERSION = YES;
				GCC_WARN_ABOUT_RETURN_TYPE = YES_ERROR;
				GCC_WARN_UNDECLARED_SELECTOR = YES;
				GCC_WARN_UNINITIALIZED_AUTOS = YES_AGGRESSIVE;
				GCC_WARN_UNUSED_FUNCTION = YES;
				GCC_WARN_UNUSED_VARIABLE = YES;
				IPHONEOS_DEPLOYMENT_TARGET = 12.0;
				MTL_ENABLE_DEBUG_INFO = NO;
				MTL_FAST_MATH = YES;
				SDKROOT = iphoneos;
				SWIFT_COMPILATION_MODE = wholemodule;
				SWIFT_OPTIMIZATION_LEVEL = "-O";
				VALIDATE_PRODUCT = YES;
			};
			name = Release;
		};
		D827DD172155077E00763C05 /* Debug */ = {
			isa = XCBuildConfiguration;
			baseConfigurationReference = 9A42A6FE606E503412FD2693 /* Pods-Library.debug.xcconfig */;
			buildSettings = {
				ASSETCATALOG_COMPILER_APPICON_NAME = AppIcon;
				CODE_SIGN_STYLE = Automatic;
				DEVELOPMENT_TEAM = 6X79DN8TTM;
				INFOPLIST_FILE = Library/Info.plist;
				LD_RUNPATH_SEARCH_PATHS = (
					"$(inherited)",
					"@executable_path/Frameworks",
				);
				PRODUCT_BUNDLE_IDENTIFIER = com.younusporteous.Library;
				PRODUCT_NAME = "$(TARGET_NAME)";
				SWIFT_VERSION = 4.2;
				TARGETED_DEVICE_FAMILY = "1,2";
			};
			name = Debug;
		};
		D827DD182155077E00763C05 /* Release */ = {
			isa = XCBuildConfiguration;
			baseConfigurationReference = D50E5BB826D37974370146BE /* Pods-Library.release.xcconfig */;
			buildSettings = {
				ASSETCATALOG_COMPILER_APPICON_NAME = AppIcon;
				CODE_SIGN_STYLE = Automatic;
				DEVELOPMENT_TEAM = 6X79DN8TTM;
				INFOPLIST_FILE = Library/Info.plist;
				LD_RUNPATH_SEARCH_PATHS = (
					"$(inherited)",
					"@executable_path/Frameworks",
				);
				PRODUCT_BUNDLE_IDENTIFIER = com.younusporteous.Library;
				PRODUCT_NAME = "$(TARGET_NAME)";
				SWIFT_VERSION = 4.2;
				TARGETED_DEVICE_FAMILY = "1,2";
			};
			name = Release;
		};
/* End XCBuildConfiguration section */

/* Begin XCConfigurationList section */
		D827DCFF2155077D00763C05 /* Build configuration list for PBXProject "Library" */ = {
			isa = XCConfigurationList;
			buildConfigurations = (
				D827DD142155077E00763C05 /* Debug */,
				D827DD152155077E00763C05 /* Release */,
			);
			defaultConfigurationIsVisible = 0;
			defaultConfigurationName = Release;
		};
		D827DD162155077E00763C05 /* Build configuration list for PBXNativeTarget "Library" */ = {
			isa = XCConfigurationList;
			buildConfigurations = (
				D827DD172155077E00763C05 /* Debug */,
				D827DD182155077E00763C05 /* Release */,
			);
			defaultConfigurationIsVisible = 0;
			defaultConfigurationName = Release;
		};
/* End XCConfigurationList section */
	};
	rootObject = D827DCFC2155077D00763C05 /* Project object */;
}
